
Microsoft Visual Studio Solution File, Format Version 12.00
# Visual Studio Version 16
VisualStudioVersion = 16.0.31729.503
MinimumVisualStudioVersion = 10.0.40219.1
Project("{FAE04EC0-301F-11D3-BF4B-00C04F79EFBC}") = "LA_1300", "LA_1300.csproj", "{5A977E5D-0EA6-40F3-B273-A39BBED68EFD}"
EndProject
Global
	GlobalSection(SolutionConfigurationPlatforms) = preSolution
		Debug|Any CPU = Debug|Any CPU
		Release|Any CPU = Release|Any CPU
	EndGlobalSection
	GlobalSection(ProjectConfigurationPlatforms) = postSolution
		{5A977E5D-0EA6-40F3-B273-A39BBED68EFD}.Debug|Any CPU.ActiveCfg = Debug|Any CPU
		{5A977E5D-0EA6-40F3-B273-A39BBED68EFD}.Debug|Any CPU.Build.0 = Debug|Any CPU
		{5A977E5D-0EA6-40F3-B273-A39BBED68EFD}.Release|Any CPU.ActiveCfg = Release|Any CPU
		{5A977E5D-0EA6-40F3-B273-A39BBED68EFD}.Release|Any CPU.Build.0 = Release|Any CPU
	EndGlobalSection
	GlobalSection(SolutionProperties) = preSolution
		HideSolutionNode = FALSE
	EndGlobalSection
	GlobalSection(ExtensibilityGlobals) = postSolution
		SolutionGuid = {13477819-DB5D-4F21-AFF0-2FBDDB8C9C0E}
	EndGlobalSection
EndGlobal
